# THIS IS AN AUTOGENERATED FILE. DO NOT EDIT THIS FILE DIRECTLY.
# yarn lockfile v1


mhwdmg@^0.4.3:
  version "0.4.3"
  resolved "https://registry.yarnpkg.com/mhwdmg/-/mhwdmg-0.4.3.tgz#d3a528cefa82a48020ae74280fccc48af3b429ba"
  integrity sha512-z5yek0fOmTtxaW+cOednRWCH2yetQsztzQ2rkhYQfklOi9tlGO7XQzL1B0LJQJFO7XM8hZUC+5lhaAqN6H0GSg==
